// !$*UTF8*$!
{
	archiveVersion = 1;
	classes = {
	};
	objectVersion = 56;
	objects = {

/* Begin PBXBuildFile section */
		AA0000010000000000000001 /* HoopLifeApp.swift in Sources */ = {isa = PBXBuildFile; fileRef = AA0000010000000000000101 /* HoopLifeApp.swift */; };
		AA0000010000000000000002 /* Court.swift in Sources */ = {isa = PBXBuildFile; fileRef = AA0000010000000000000102 /* Court.swift */; };
		AA0000010000000000000003 /* AppStore.swift in Sources */ = {isa = PBXBuildFile; fileRef = AA0000010000000000000103 /* AppStore.swift */; };
		AA0000010000000000000004 /* CourtSeedStore.swift in Sources */ = {isa = PBXBuildFile; fileRef = AA0000010000000000000104 /* CourtSeedStore.swift */; };
		AA0000010000000000000005 /* Theme.swift in Sources */ = {isa = PBXBuildFile; fileRef = AA0000010000000000000105 /* Theme.swift */; };
		AA0000010000000000000006 /* Components.swift in Sources */ = {isa = PBXBuildFile; fileRef = AA0000010000000000000106 /* Components.swift */; };
		AA0000010000000000000007 /* RootView.swift in Sources */ = {isa = PBXBuildFile; fileRef = AA0000010000000000000107 /* RootView.swift */; };
		AA0000010000000000000008 /* OnboardingView.swift in Sources */ = {isa = PBXBuildFile; fileRef = AA0000010000000000000108 /* OnboardingView.swift */; };
		AA0000010000000000000009 /* CourtMapView.swift in Sources */ = {isa = PBXBuildFile; fileRef = AA0000010000000000000109 /* CourtMapView.swift */; };
		AA000001000000000000000A /* FilterSheetView.swift in Sources */ = {isa = PBXBuildFile; fileRef = AA000001000000000000010A /* FilterSheetView.swift */; };
		AA000001000000000000000B /* CourtDetailView.swift in Sources */ = {isa = PBXBuildFile; fileRef = AA000001000000000000010B /* CourtDetailView.swift */; };
		AA000001000000000000000C /* SuggestEditView.swift in Sources */ = {isa = PBXBuildFile; fileRef = AA000001000000000000010C /* SuggestEditView.swift */; };
		AA000001000000000000000D /* AddCourtView.swift in Sources */ = {isa = PBXBuildFile; fileRef = AA000001000000000000010D /* AddCourtView.swift */; };
		AA000001000000000000000E /* SavedCourtsView.swift in Sources */ = {isa = PBXBuildFile; fileRef = AA000001000000000000010E /* SavedCourtsView.swift */; };
		AA000001000000000000000F /* AboutDataView.swift in Sources */ = {isa = PBXBuildFile; fileRef = AA000001000000000000010F /* AboutDataView.swift */; };
		AA0000010000000000000010 /* CourtsSeed.json in Resources */ = {isa = PBXBuildFile; fileRef = AA0000010000000000000110 /* CourtsSeed.json */; };
		AA0000010000000000000011 /* Assets.xcassets in Resources */ = {isa = PBXBuildFile; fileRef = AA0000010000000000000111 /* Assets.xcassets */; };
		AA0000010000000000000012 /* ProfileView.swift in Sources */ = {isa = PBXBuildFile; fileRef = AA0000010000000000000112 /* ProfileView.swift */; };
		AA0000010000000000000013 /* AdminCourtEditorView.swift in Sources */ = {isa = PBXBuildFile; fileRef = AA0000010000000000000113 /* AdminCourtEditorView.swift */; };
		AA0000010000000000000014 /* SupabaseCourtService.swift in Sources */ = {isa = PBXBuildFile; fileRef = AA0000010000000000000114 /* SupabaseCourtService.swift */; };
/* End PBXBuildFile section */

/* Begin PBXFileReference section */
		AA00000100000000000000F0 /* HoopLife.app */ = {isa = PBXFileReference; explicitFileType = wrapper.application; includeInIndex = 0; path = HoopLife.app; sourceTree = BUILT_PRODUCTS_DIR; };
		AA0000010000000000000101 /* HoopLifeApp.swift */ = {isa = PBXFileReference; lastKnownFileType = sourcecode.swift; path = HoopLifeApp.swift; sourceTree = "<group>"; };
		AA0000010000000000000102 /* Court.swift */ = {isa = PBXFileReference; lastKnownFileType = sourcecode.swift; path = Court.swift; sourceTree = "<group>"; };
		AA0000010000000000000103 /* AppStore.swift */ = {isa = PBXFileReference; lastKnownFileType = sourcecode.swift; path = AppStore.swift; sourceTree = "<group>"; };
		AA0000010000000000000104 /* CourtSeedStore.swift */ = {isa = PBXFileReference; lastKnownFileType = sourcecode.swift; path = CourtSeedStore.swift; sourceTree = "<group>"; };
		AA0000010000000000000105 /* Theme.swift */ = {isa = PBXFileReference; lastKnownFileType = sourcecode.swift; path = Theme.swift; sourceTree = "<group>"; };
		AA0000010000000000000106 /* Components.swift */ = {isa = PBXFileReference; lastKnownFileType = sourcecode.swift; path = Components.swift; sourceTree = "<group>"; };
		AA0000010000000000000107 /* RootView.swift */ = {isa = PBXFileReference; lastKnownFileType = sourcecode.swift; path = RootView.swift; sourceTree = "<group>"; };
		AA0000010000000000000108 /* OnboardingView.swift */ = {isa = PBXFileReference; lastKnownFileType = sourcecode.swift; path = OnboardingView.swift; sourceTree = "<group>"; };
		AA0000010000000000000109 /* CourtMapView.swift */ = {isa = PBXFileReference; lastKnownFileType = sourcecode.swift; path = CourtMapView.swift; sourceTree = "<group>"; };
		AA000001000000000000010A /* FilterSheetView.swift */ = {isa = PBXFileReference; lastKnownFileType = sourcecode.swift; path = FilterSheetView.swift; sourceTree = "<group>"; };
		AA000001000000000000010B /* CourtDetailView.swift */ = {isa = PBXFileReference; lastKnownFileType = sourcecode.swift; path = CourtDetailView.swift; sourceTree = "<group>"; };
		AA000001000000000000010C /* SuggestEditView.swift */ = {isa = PBXFileReference; lastKnownFileType = sourcecode.swift; path = SuggestEditView.swift; sourceTree = "<group>"; };
		AA000001000000000000010D /* AddCourtView.swift */ = {isa = PBXFileReference; lastKnownFileType = sourcecode.swift; path = AddCourtView.swift; sourceTree = "<group>"; };
		AA000001000000000000010E /* SavedCourtsView.swift */ = {isa = PBXFileReference; lastKnownFileType = sourcecode.swift; path = SavedCourtsView.swift; sourceTree = "<group>"; };
		AA000001000000000000010F /* AboutDataView.swift */ = {isa = PBXFileReference; lastKnownFileType = sourcecode.swift; path = AboutDataView.swift; sourceTree = "<group>"; };
		AA0000010000000000000110 /* CourtsSeed.json */ = {isa = PBXFileReference; lastKnownFileType = text.json; path = CourtsSeed.json; sourceTree = "<group>"; };
		AA0000010000000000000111 /* Assets.xcassets */ = {isa = PBXFileReference; lastKnownFileType = folder.assetcatalog; path = Assets.xcassets; sourceTree = "<group>"; };
		AA0000010000000000000112 /* ProfileView.swift */ = {isa = PBXFileReference; lastKnownFileType = sourcecode.swift; path = ProfileView.swift; sourceTree = "<group>"; };
		AA0000010000000000000113 /* AdminCourtEditorView.swift */ = {isa = PBXFileReference; lastKnownFileType = sourcecode.swift; path = AdminCourtEditorView.swift; sourceTree = "<group>"; };
		AA0000010000000000000114 /* SupabaseCourtService.swift */ = {isa = PBXFileReference; lastKnownFileType = sourcecode.swift; path = SupabaseCourtService.swift; sourceTree = "<group>"; };
/* End PBXFileReference section */

/* Begin PBXFrameworksBuildPhase section */
		AA0000010000000000000200 /* Frameworks */ = {
			isa = PBXFrameworksBuildPhase;
			buildActionMask = 2147483647;
			files = (
			);
			runOnlyForDeploymentPostprocessing = 0;
		};
/* End PBXFrameworksBuildPhase section */

/* Begin PBXGroup section */
		AA0000010000000000000300 = {
			isa = PBXGroup;
			children = (
				AA0000010000000000000301 /* HoopLife */,
				AA0000010000000000000302 /* Products */,
			);
			sourceTree = "<group>";
		};
		AA0000010000000000000301 /* HoopLife */ = {
			isa = PBXGroup;
			children = (
				AA0000010000000000000101 /* HoopLifeApp.swift */,
				AA0000010000000000000310 /* Models */,
				AA0000010000000000000311 /* Data */,
				AA0000010000000000000312 /* Components */,
				AA0000010000000000000313 /* Views */,
				AA0000010000000000000314 /* Resources */,
				AA0000010000000000000111 /* Assets.xcassets */,
			);
			path = HoopLife;
			sourceTree = "<group>";
		};
		AA0000010000000000000302 /* Products */ = {
			isa = PBXGroup;
			children = (
				AA00000100000000000000F0 /* HoopLife.app */,
			);
			name = Products;
			sourceTree = "<group>";
		};
		AA0000010000000000000310 /* Models */ = {
			isa = PBXGroup;
			children = (
				AA0000010000000000000102 /* Court.swift */,
				AA0000010000000000000103 /* AppStore.swift */,
			);
			path = Models;
			sourceTree = "<group>";
		};
		AA0000010000000000000311 /* Data */ = {
			isa = PBXGroup;
			children = (
				AA0000010000000000000104 /* CourtSeedStore.swift */,
				AA0000010000000000000114 /* SupabaseCourtService.swift */,
			);
			path = Data;
			sourceTree = "<group>";
		};
		AA0000010000000000000312 /* Components */ = {
			isa = PBXGroup;
			children = (
				AA0000010000000000000105 /* Theme.swift */,
				AA0000010000000000000106 /* Components.swift */,
			);
			path = Components;
			sourceTree = "<group>";
		};
		AA0000010000000000000313 /* Views */ = {
			isa = PBXGroup;
			children = (
				AA0000010000000000000107 /* RootView.swift */,
				AA0000010000000000000108 /* OnboardingView.swift */,
				AA0000010000000000000109 /* CourtMapView.swift */,
				AA000001000000000000010A /* FilterSheetView.swift */,
				AA000001000000000000010B /* CourtDetailView.swift */,
				AA000001000000000000010C /* SuggestEditView.swift */,
				AA000001000000000000010D /* AddCourtView.swift */,
				AA000001000000000000010E /* SavedCourtsView.swift */,
				AA000001000000000000010F /* AboutDataView.swift */,
				AA0000010000000000000112 /* ProfileView.swift */,
				AA0000010000000000000113 /* AdminCourtEditorView.swift */,
			);
			path = Views;
			sourceTree = "<group>";
		};
		AA0000010000000000000314 /* Resources */ = {
			isa = PBXGroup;
			children = (
				AA0000010000000000000110 /* CourtsSeed.json */,
			);
			path = Resources;
			sourceTree = "<group>";
		};
/* End PBXGroup section */

/* Begin PBXNativeTarget section */
		AA0000010000000000000400 /* HoopLife */ = {
			isa = PBXNativeTarget;
			buildConfigurationList = AA0000010000000000000500 /* Build configuration list for PBXNativeTarget "HoopLife" */;
			buildPhases = (
				AA0000010000000000000401 /* Sources */,
				AA0000010000000000000200 /* Frameworks */,
				AA0000010000000000000402 /* Resources */,
			);
			buildRules = (
			);
			dependencies = (
			);
			name = HoopLife;
			productName = HoopLife;
			productReference = AA00000100000000000000F0 /* HoopLife.app */;
			productType = "com.apple.product-type.application";
		};
/* End PBXNativeTarget section */

/* Begin PBXProject section */
		AA0000010000000000000600 /* Project object */ = {
			isa = PBXProject;
			attributes = {
				BuildIndependentTargetsInParallel = 1;
				LastSwiftUpdateCheck = 2650;
				LastUpgradeCheck = 2650;
				TargetAttributes = {
					AA0000010000000000000400 = {
						CreatedOnToolsVersion = 26.5;
					};
				};
			};
			buildConfigurationList = AA0000010000000000000501 /* Build configuration list for PBXProject "HoopLife" */;
			compatibilityVersion = "Xcode 14.0";
			developmentRegion = en;
			hasScannedForEncodings = 0;
			knownRegions = (
				en,
				Base,
			);
			mainGroup = AA0000010000000000000300;
			productRefGroup = AA0000010000000000000302 /* Products */;
			projectDirPath = "";
			projectRoot = "";
			targets = (
				AA0000010000000000000400 /* HoopLife */,
			);
		};
/* End PBXProject section */

/* Begin PBXResourcesBuildPhase section */
		AA0000010000000000000402 /* Resources */ = {
			isa = PBXResourcesBuildPhase;
			buildActionMask = 2147483647;
			files = (
				AA0000010000000000000010 /* CourtsSeed.json in Resources */,
				AA0000010000000000000011 /* Assets.xcassets in Resources */,
			);
			runOnlyForDeploymentPostprocessing = 0;
		};
/* End PBXResourcesBuildPhase section */

/* Begin PBXSourcesBuildPhase section */
		AA0000010000000000000401 /* Sources */ = {
			isa = PBXSourcesBuildPhase;
			buildActionMask = 2147483647;
			files = (
				AA0000010000000000000001 /* HoopLifeApp.swift in Sources */,
				AA0000010000000000000002 /* Court.swift in Sources */,
				AA0000010000000000000003 /* AppStore.swift in Sources */,
				AA0000010000000000000004 /* CourtSeedStore.swift in Sources */,
				AA0000010000000000000005 /* Theme.swift in Sources */,
				AA0000010000000000000006 /* Components.swift in Sources */,
				AA0000010000000000000007 /* RootView.swift in Sources */,
				AA0000010000000000000008 /* OnboardingView.swift in Sources */,
				AA0000010000000000000009 /* CourtMapView.swift in Sources */,
				AA000001000000000000000A /* FilterSheetView.swift in Sources */,
				AA000001000000000000000B /* CourtDetailView.swift in Sources */,
				AA000001000000000000000C /* SuggestEditView.swift in Sources */,
				AA000001000000000000000D /* AddCourtView.swift in Sources */,
				AA000001000000000000000E /* SavedCourtsView.swift in Sources */,
				AA000001000000000000000F /* AboutDataView.swift in Sources */,
				AA0000010000000000000012 /* ProfileView.swift in Sources */,
				AA0000010000000000000013 /* AdminCourtEditorView.swift in Sources */,
				AA0000010000000000000014 /* SupabaseCourtService.swift in Sources */,
			);
			runOnlyForDeploymentPostprocessing = 0;
		};
/* End PBXSourcesBuildPhase section */

/* Begin XCBuildConfiguration section */
		AA0000010000000000000700 /* Debug */ = {
			isa = XCBuildConfiguration;
			buildSettings = {
				ASSETCATALOG_COMPILER_APPICON_NAME = AppIcon;
				CODE_SIGN_STYLE = Automatic;
				CURRENT_PROJECT_VERSION = 1;
				DEVELOPMENT_ASSET_PATHS = "";
				DEVELOPMENT_TEAM = 7KRGY328WU;
				ENABLE_PREVIEWS = YES;
				GENERATE_INFOPLIST_FILE = YES;
				INFOPLIST_KEY_CFBundleDisplayName = HoopLife;
				INFOPLIST_KEY_NSLocationWhenInUseUsageDescription = "HoopLife uses your location to show nearby courts and distance.";
				INFOPLIST_KEY_UILaunchScreen_Generation = YES;
				INFOPLIST_KEY_UILaunchScreen_ImageName = HoopLifeSplashMark;
				INFOPLIST_KEY_UISupportedInterfaceOrientations_iPad = "UIInterfaceOrientationPortrait UIInterfaceOrientationPortraitUpsideDown UIInterfaceOrientationLandscapeLeft UIInterfaceOrientationLandscapeRight";
				INFOPLIST_KEY_UISupportedInterfaceOrientations_iPhone = UIInterfaceOrientationPortrait;
				IPHONEOS_DEPLOYMENT_TARGET = 17.0;
				MARKETING_VERSION = 1.0;
				PRODUCT_BUNDLE_IDENTIFIER = com.acewang.hooplife;
				PRODUCT_NAME = "$(TARGET_NAME)";
				SWIFT_EMIT_LOC_STRINGS = YES;
				SWIFT_VERSION = 5.0;
				TARGETED_DEVICE_FAMILY = "1,2";
			};
			name = Debug;
		};
		AA0000010000000000000701 /* Release */ = {
			isa = XCBuildConfiguration;
			buildSettings = {
				ASSETCATALOG_COMPILER_APPICON_NAME = AppIcon;
				CODE_SIGN_STYLE = Automatic;
				CURRENT_PROJECT_VERSION = 1;
				DEVELOPMENT_ASSET_PATHS = "";
				DEVELOPMENT_TEAM = 7KRGY328WU;
				ENABLE_PREVIEWS = YES;
				GENERATE_INFOPLIST_FILE = YES;
				INFOPLIST_KEY_CFBundleDisplayName = HoopLife;
				INFOPLIST_KEY_NSLocationWhenInUseUsageDescription = "HoopLife uses your location to show nearby courts and distance.";
				INFOPLIST_KEY_UILaunchScreen_Generation = YES;
				INFOPLIST_KEY_UILaunchScreen_ImageName = HoopLifeSplashMark;
				INFOPLIST_KEY_UISupportedInterfaceOrientations_iPad = "UIInterfaceOrientationPortrait UIInterfaceOrientationPortraitUpsideDown UIInterfaceOrientationLandscapeLeft UIInterfaceOrientationLandscapeRight";
				INFOPLIST_KEY_UISupportedInterfaceOrientations_iPhone = UIInterfaceOrientationPortrait;
				IPHONEOS_DEPLOYMENT_TARGET = 17.0;
				MARKETING_VERSION = 1.0;
				PRODUCT_BUNDLE_IDENTIFIER = com.acewang.hooplife;
				PRODUCT_NAME = "$(TARGET_NAME)";
				SWIFT_EMIT_LOC_STRINGS = YES;
				SWIFT_VERSION = 5.0;
				TARGETED_DEVICE_FAMILY = "1,2";
			};
			name = Release;
		};
		AA0000010000000000000702 /* Debug */ = {
			isa = XCBuildConfiguration;
			buildSettings = {
				ALWAYS_SEARCH_USER_PATHS = NO;
				CLANG_ANALYZER_NONNULL = YES;
				CLANG_ANALYZER_NUMBER_OBJECT_CONVERSION = YES_AGGRESSIVE;
				CLANG_CXX_LANGUAGE_STANDARD = "gnu++20";
				CLANG_ENABLE_MODULES = YES;
				CLANG_ENABLE_OBJC_ARC = YES;
				CLANG_ENABLE_OBJC_WEAK = YES;
				CLANG_WARN_BLOCK_CAPTURE_AUTORELEASING = YES;
				CLANG_WARN_BOOL_CONVERSION = YES;
				CLANG_WARN_COMMA = YES;
				CLANG_WARN_CONSTANT_CONVERSION = YES;
				CLANG_WARN_DEPRECATED_OBJC_IMPLEMENTATIONS = YES;
				CLANG_WARN_DIRECT_OBJC_ISA_USAGE = YES_ERROR;
				CLANG_WARN_DOCUMENTATION_COMMENTS = YES;
				CLANG_WARN_EMPTY_BODY = YES;
				CLANG_WARN_ENUM_CONVERSION = YES;
				CLANG_WARN_INFINITE_RECURSION = YES;
				CLANG_WARN_INT_CONVERSION = YES;
				CLANG_WARN_NON_LITERAL_NULL_CONVERSION = YES;
				CLANG_WARN_OBJC_IMPLICIT_RETAIN_SELF = YES;
				CLANG_WARN_OBJC_LITERAL_CONVERSION = YES;
				CLANG_WARN_OBJC_ROOT_CLASS = YES_ERROR;
				CLANG_WARN_QUOTED_INCLUDE_IN_FRAMEWORK_HEADER = YES;
				CLANG_WARN_RANGE_LOOP_ANALYSIS = YES;
				CLANG_WARN_STRICT_PROTOTYPES = YES;
				CLANG_WARN_SUSPICIOUS_MOVE = YES;
				CLANG_WARN_UNGUARDED_AVAILABILITY = YES_AGGRESSIVE;
				CLANG_WARN_UNREACHABLE_CODE = YES;
				CLANG_WARN__DUPLICATE_METHOD_MATCH = YES;
				COPY_PHASE_STRIP = NO;
				DEBUG_INFORMATION_FORMAT = dwarf;
				ENABLE_STRICT_OBJC_MSGSEND = YES;
				ENABLE_TESTABILITY = YES;
				ENABLE_USER_SCRIPT_SANDBOXING = YES;
				GCC_C_LANGUAGE_STANDARD = gnu17;
				GCC_DYNAMIC_NO_PIC = NO;
				GCC_NO_COMMON_BLOCKS = YES;
				GCC_OPTIMIZATION_LEVEL = 0;
				GCC_PREPROCESSOR_DEFINITIONS = (
					"DEBUG=1",
					"$(inherited)",
				);
				GCC_WARN_64_TO_32_BIT_CONVERSION = YES;
				GCC_WARN_ABOUT_RETURN_TYPE = YES_ERROR;
				GCC_WARN_UNDECLARED_SELECTOR = YES;
				GCC_WARN_UNINITIALIZED_AUTOS = YES_AGGRESSIVE;
				GCC_WARN_UNUSED_FUNCTION = YES;
				GCC_WARN_UNUSED_VARIABLE = YES;
				MTL_ENABLE_DEBUG_INFO = INCLUDE_SOURCE;
				MTL_FAST_MATH = YES;
				ONLY_ACTIVE_ARCH = YES;
				SDKROOT = iphoneos;
				SWIFT_ACTIVE_COMPILATION_CONDITIONS = DEBUG;
				SWIFT_OPTIMIZATION_LEVEL = "-Onone";
			};
			name = Debug;
		};
		AA0000010000000000000703 /* Release */ = {
			isa = XCBuildConfiguration;
			buildSettings = {
				ALWAYS_SEARCH_USER_PATHS = NO;
				CLANG_ANALYZER_NONNULL = YES;
				CLANG_ANALYZER_NUMBER_OBJECT_CONVERSION = YES_AGGRESSIVE;
				CLANG_CXX_LANGUAGE_STANDARD = "gnu++20";
				CLANG_ENABLE_MODULES = YES;
				CLANG_ENABLE_OBJC_ARC = YES;
				CLANG_ENABLE_OBJC_WEAK = YES;
				CLANG_WARN_BLOCK_CAPTURE_AUTORELEASING = YES;
				CLANG_WARN_BOOL_CONVERSION = YES;
				CLANG_WARN_COMMA = YES;
				CLANG_WARN_CONSTANT_CONVERSION = YES;
				CLANG_WARN_DEPRECATED_OBJC_IMPLEMENTATIONS = YES;
				CLANG_WARN_DIRECT_OBJC_ISA_USAGE = YES_ERROR;
				CLANG_WARN_DOCUMENTATION_COMMENTS = YES;
				CLANG_WARN_EMPTY_BODY = YES;
				CLANG_WARN_ENUM_CONVERSION = YES;
				CLANG_WARN_INFINITE_RECURSION = YES;
				CLANG_WARN_INT_CONVERSION = YES;
				CLANG_WARN_NON_LITERAL_NULL_CONVERSION = YES;
				CLANG_WARN_OBJC_IMPLICIT_RETAIN_SELF = YES;
				CLANG_WARN_OBJC_LITERAL_CONVERSION = YES;
				CLANG_WARN_OBJC_ROOT_CLASS = YES_ERROR;
				CLANG_WARN_QUOTED_INCLUDE_IN_FRAMEWORK_HEADER = YES;
				CLANG_WARN_RANGE_LOOP_ANALYSIS = YES;
				CLANG_WARN_STRICT_PROTOTYPES = YES;
				CLANG_WARN_SUSPICIOUS_MOVE = YES;
				CLANG_WARN_UNGUARDED_AVAILABILITY = YES_AGGRESSIVE;
				CLANG_WARN_UNREACHABLE_CODE = YES;
				CLANG_WARN__DUPLICATE_METHOD_MATCH = YES;
				COPY_PHASE_STRIP = NO;
				DEBUG_INFORMATION_FORMAT = "dwarf-with-dsym";
				ENABLE_NS_ASSERTIONS = NO;
				ENABLE_STRICT_OBJC_MSGSEND = YES;
				ENABLE_USER_SCRIPT_SANDBOXING = YES;
				GCC_C_LANGUAGE_STANDARD = gnu17;
				GCC_NO_COMMON_BLOCKS = YES;
				GCC_WARN_64_TO_32_BIT_CONVERSION = YES;
				GCC_WARN_ABOUT_RETURN_TYPE = YES_ERROR;
				GCC_WARN_UNDECLARED_SELECTOR = YES;
				GCC_WARN_UNINITIALIZED_AUTOS = YES_AGGRESSIVE;
				GCC_WARN_UNUSED_FUNCTION = YES;
				GCC_WARN_UNUSED_VARIABLE = YES;
				MTL_ENABLE_DEBUG_INFO = NO;
				MTL_FAST_MATH = YES;
				SDKROOT = iphoneos;
				SWIFT_COMPILATION_MODE = wholemodule;
				SWIFT_OPTIMIZATION_LEVEL = "-O";
				VALIDATE_PRODUCT = YES;
			};
			name = Release;
		};
/* End XCBuildConfiguration section */

/* Begin XCConfigurationList section */
		AA0000010000000000000500 /* Build configuration list for PBXNativeTarget "HoopLife" */ = {
			isa = XCConfigurationList;
			buildConfigurations = (
				AA0000010000000000000700 /* Debug */,
				AA0000010000000000000701 /* Release */,
			);
			defaultConfigurationIsVisible = 0;
			defaultConfigurationName = Release;
		};
		AA0000010000000000000501 /* Build configuration list for PBXProject "HoopLife" */ = {
			isa = XCConfigurationList;
			buildConfigurations = (
				AA0000010000000000000702 /* Debug */,
				AA0000010000000000000703 /* Release */,
			);
			defaultConfigurationIsVisible = 0;
			defaultConfigurationName = Release;
		};
/* End XCConfigurationList section */
	};
	rootObject = AA0000010000000000000600 /* Project object */;
}
